
Microsoft Visual Studio Solution File, Format Version 12.00
# Visual Studio Version 17
VisualStudioVersion = 17.14.36408.4 d17.14
MinimumVisualStudioVersion = 10.0.40219.1
Project("{FAE04EC0-301F-11D3-BF4B-00C04F79EFBC}") = "1", "1\1.csproj", "{DA695FF9-6798-4E6D-9380-E0CB641ADA5B}"
EndProject
Project("{FAE04EC0-301F-11D3-BF4B-00C04F79EFBC}") = "2", "2\2.csproj", "{07DC3342-E9CF-4EE6-B4A2-3B335D91E52C}"
EndProject
Project("{FAE04EC0-301F-11D3-BF4B-00C04F79EFBC}") = "3", "3\3.csproj", "{61605D3B-2ABF-438D-BA03-96A1160D41A4}"
EndProject
Project("{FAE04EC0-301F-11D3-BF4B-00C04F79EFBC}") = "4", "4\4.csproj", "{97B22218-6292-4406-8D26-7B1154EBE626}"
EndProject
Project("{FAE04EC0-301F-11D3-BF4B-00C04F79EFBC}") = "5", "5\5.csproj", "{DF194C4E-8ADE-4AD2-B7EB-3145A4D15818}"
EndProject
Project("{FAE04EC0-301F-11D3-BF4B-00C04F79EFBC}") = "6", "6\6.csproj", "{36E9D2D2-09C7-4CF0-814D-F6181F9E8339}"
EndProject
Project("{FAE04EC0-301F-11D3-BF4B-00C04F79EFBC}") = "7", "7\7.csproj", "{97B38FD6-9211-4DF4-B446-FFAA2F10AF7E}"
EndProject
Project("{FAE04EC0-301F-11D3-BF4B-00C04F79EFBC}") = "8", "8\8.csproj", "{F4C4E9E7-71BA-40A9-96E1-1250226A8FE8}"
EndProject
Project("{FAE04EC0-301F-11D3-BF4B-00C04F79EFBC}") = "9", "9\9.csproj", "{0D97093B-6322-427D-96E9-8404F789E3D9}"
EndProject
Project("{FAE04EC0-301F-11D3-BF4B-00C04F79EFBC}") = "10", "10\10.csproj", "{B8D81A72-9FF5-4A66-BFD2-F86FBED35E3A}"
EndProject
Project("{FAE04EC0-301F-11D3-BF4B-00C04F79EFBC}") = "11", "11\11.csproj", "{481603DD-1DA9-4D7B-A427-B7DA5A4F231D}"
EndProject
Project("{FAE04EC0-301F-11D3-BF4B-00C04F79EFBC}") = "12", "12\12.csproj", "{3A4DF8B5-44EF-44DC-96B5-2FD65955ED5E}"
EndProject
Project("{FAE04EC0-301F-11D3-BF4B-00C04F79EFBC}") = "13", "13\13.csproj", "{5009754F-4B48-48BA-A3A5-6E555A7F8B51}"
EndProject
Project("{FAE04EC0-301F-11D3-BF4B-00C04F79EFBC}") = "14", "14\14.csproj", "{AEC91723-080B-48C4-B12F-9CE45B954CAE}"
EndProject
Project("{FAE04EC0-301F-11D3-BF4B-00C04F79EFBC}") = "15", "15\15.csproj", "{596D9C62-BB14-4B4F-B936-BE74377AC6FD}"
EndProject
Global
	GlobalSection(SolutionConfigurationPlatforms) = preSolution
		Debug|Any CPU = Debug|Any CPU
		Release|Any CPU = Release|Any CPU
	EndGlobalSection
	GlobalSection(ProjectConfigurationPlatforms) = postSolution
		{DA695FF9-6798-4E6D-9380-E0CB641ADA5B}.Debug|Any CPU.ActiveCfg = Debug|Any CPU
		{DA695FF9-6798-4E6D-9380-E0CB641ADA5B}.Debug|Any CPU.Build.0 = Debug|Any CPU
		{DA695FF9-6798-4E6D-9380-E0CB641ADA5B}.Release|Any CPU.ActiveCfg = Release|Any CPU
		{DA695FF9-6798-4E6D-9380-E0CB641ADA5B}.Release|Any CPU.Build.0 = Release|Any CPU
		{07DC3342-E9CF-4EE6-B4A2-3B335D91E52C}.Debug|Any CPU.ActiveCfg = Debug|Any CPU
		{07DC3342-E9CF-4EE6-B4A2-3B335D91E52C}.Debug|Any CPU.Build.0 = Debug|Any CPU
		{07DC3342-E9CF-4EE6-B4A2-3B335D91E52C}.Release|Any CPU.ActiveCfg = Release|Any CPU
		{07DC3342-E9CF-4EE6-B4A2-3B335D91E52C}.Release|Any CPU.Build.0 = Release|Any CPU
		{61605D3B-2ABF-438D-BA03-96A1160D41A4}.Debug|Any CPU.ActiveCfg = Debug|Any CPU
		{61605D3B-2ABF-438D-BA03-96A1160D41A4}.Debug|Any CPU.Build.0 = Debug|Any CPU
		{61605D3B-2ABF-438D-BA03-96A1160D41A4}.Release|Any CPU.ActiveCfg = Release|Any CPU
		{61605D3B-2ABF-438D-BA03-96A1160D41A4}.Release|Any CPU.Build.0 = Release|Any CPU
		{97B22218-6292-4406-8D26-7B1154EBE626}.Debug|Any CPU.ActiveCfg = Debug|Any CPU
		{97B22218-6292-4406-8D26-7B1154EBE626}.Debug|Any CPU.Build.0 = Debug|Any CPU
		{97B22218-6292-4406-8D26-7B1154EBE626}.Release|Any CPU.ActiveCfg = Release|Any CPU
		{97B22218-6292-4406-8D26-7B1154EBE626}.Release|Any CPU.Build.0 = Release|Any CPU
		{DF194C4E-8ADE-4AD2-B7EB-3145A4D15818}.Debug|Any CPU.ActiveCfg = Debug|Any CPU
		{DF194C4E-8ADE-4AD2-B7EB-3145A4D15818}.Debug|Any CPU.Build.0 = Debug|Any CPU
		{DF194C4E-8ADE-4AD2-B7EB-3145A4D15818}.Release|Any CPU.ActiveCfg = Release|Any CPU
		{DF194C4E-8ADE-4AD2-B7EB-3145A4D15818}.Release|Any CPU.Build.0 = Release|Any CPU
		{36E9D2D2-09C7-4CF0-814D-F6181F9E8339}.Debug|Any CPU.ActiveCfg = Debug|Any CPU
		{36E9D2D2-09C7-4CF0-814D-F6181F9E8339}.Debug|Any CPU.Build.0 = Debug|Any CPU
		{36E9D2D2-09C7-4CF0-814D-F6181F9E8339}.Release|Any CPU.ActiveCfg = Release|Any CPU
		{36E9D2D2-09C7-4CF0-814D-F6181F9E8339}.Release|Any CPU.Build.0 = Release|Any CPU
		{97B38FD6-9211-4DF4-B446-FFAA2F10AF7E}.Debug|Any CPU.ActiveCfg = Debug|Any CPU
		{97B38FD6-9211-4DF4-B446-FFAA2F10AF7E}.Debug|Any CPU.Build.0 = Debug|Any CPU
		{97B38FD6-9211-4DF4-B446-FFAA2F10AF7E}.Release|Any CPU.ActiveCfg = Release|Any CPU
		{97B38FD6-9211-4DF4-B446-FFAA2F10AF7E}.Release|Any CPU.Build.0 = Release|Any CPU
		{F4C4E9E7-71BA-40A9-96E1-1250226A8FE8}.Debug|Any CPU.ActiveCfg = Debug|Any CPU
		{F4C4E9E7-71BA-40A9-96E1-1250226A8FE8}.Debug|Any CPU.Build.0 = Debug|Any CPU
		{F4C4E9E7-71BA-40A9-96E1-1250226A8FE8}.Release|Any CPU.ActiveCfg = Release|Any CPU
		{F4C4E9E7-71BA-40A9-96E1-1250226A8FE8}.Release|Any CPU.Build.0 = Release|Any CPU
		{0D97093B-6322-427D-96E9-8404F789E3D9}.Debug|Any CPU.ActiveCfg = Debug|Any CPU
		{0D97093B-6322-427D-96E9-8404F789E3D9}.Debug|Any CPU.Build.0 = Debug|Any CPU
		{0D97093B-6322-427D-96E9-8404F789E3D9}.Release|Any CPU.ActiveCfg = Release|Any CPU
		{0D97093B-6322-427D-96E9-8404F789E3D9}.Release|Any CPU.Build.0 = Release|Any CPU
		{B8D81A72-9FF5-4A66-BFD2-F86FBED35E3A}.Debug|Any CPU.ActiveCfg = Debug|Any CPU
		{B8D81A72-9FF5-4A66-BFD2-F86FBED35E3A}.Debug|Any CPU.Build.0 = Debug|Any CPU
		{B8D81A72-9FF5-4A66-BFD2-F86FBED35E3A}.Release|Any CPU.ActiveCfg = Release|Any CPU
		{B8D81A72-9FF5-4A66-BFD2-F86FBED35E3A}.Release|Any CPU.Build.0 = Release|Any CPU
		{481603DD-1DA9-4D7B-A427-B7DA5A4F231D}.Debug|Any CPU.ActiveCfg = Debug|Any CPU
		{481603DD-1DA9-4D7B-A427-B7DA5A4F231D}.Debug|Any CPU.Build.0 = Debug|Any CPU
		{481603DD-1DA9-4D7B-A427-B7DA5A4F231D}.Release|Any CPU.ActiveCfg = Release|Any CPU
		{481603DD-1DA9-4D7B-A427-B7DA5A4F231D}.Release|Any CPU.Build.0 = Release|Any CPU
		{3A4DF8B5-44EF-44DC-96B5-2FD65955ED5E}.Debug|Any CPU.ActiveCfg = Debug|Any CPU
		{3A4DF8B5-44EF-44DC-96B5-2FD65955ED5E}.Debug|Any CPU.Build.0 = Debug|Any CPU
		{3A4DF8B5-44EF-44DC-96B5-2FD65955ED5E}.Release|Any CPU.ActiveCfg = Release|Any CPU
		{3A4DF8B5-44EF-44DC-96B5-2FD65955ED5E}.Release|Any CPU.Build.0 = Release|Any CPU
		{5009754F-4B48-48BA-A3A5-6E555A7F8B51}.Debug|Any CPU.ActiveCfg = Debug|Any CPU
		{5009754F-4B48-48BA-A3A5-6E555A7F8B51}.Debug|Any CPU.Build.0 = Debug|Any CPU
		{5009754F-4B48-48BA-A3A5-6E555A7F8B51}.Release|Any CPU.ActiveCfg = Release|Any CPU
		{5009754F-4B48-48BA-A3A5-6E555A7F8B51}.Release|Any CPU.Build.0 = Release|Any CPU
		{AEC91723-080B-48C4-B12F-9CE45B954CAE}.Debug|Any CPU.ActiveCfg = Debug|Any CPU
		{AEC91723-080B-48C4-B12F-9CE45B954CAE}.Debug|Any CPU.Build.0 = Debug|Any CPU
		{AEC91723-080B-48C4-B12F-9CE45B954CAE}.Release|Any CPU.ActiveCfg = Release|Any CPU
		{AEC91723-080B-48C4-B12F-9CE45B954CAE}.Release|Any CPU.Build.0 = Release|Any CPU
		{596D9C62-BB14-4B4F-B936-BE74377AC6FD}.Debug|Any CPU.ActiveCfg = Debug|Any CPU
		{596D9C62-BB14-4B4F-B936-BE74377AC6FD}.Debug|Any CPU.Build.0 = Debug|Any CPU
		{596D9C62-BB14-4B4F-B936-BE74377AC6FD}.Release|Any CPU.ActiveCfg = Release|Any CPU
		{596D9C62-BB14-4B4F-B936-BE74377AC6FD}.Release|Any CPU.Build.0 = Release|Any CPU
	EndGlobalSection
	GlobalSection(SolutionProperties) = preSolution
		HideSolutionNode = FALSE
	EndGlobalSection
	GlobalSection(ExtensibilityGlobals) = postSolution
		SolutionGuid = {EF37B58F-F0A1-44C5-9315-E8986C5C7D29}
	EndGlobalSection
EndGlobal
